<?xml version="1.0" encoding="UTF-8"?>
<Scheme
   LastUpgradeVersion = "0800"
   version = "1.3">
   <BuildAction
      parallelizeBuildables = "YES"
      buildImplicitDependencies = "YES">
      <BuildActionEntries>
         <BuildActionEntry
            buildForTesting = "YES"
            buildForRunning = "YES"
            buildForProfiling = "YES"
            buildForArchiving = "YES"
            buildForAnalyzing = "YES">
            <BuildableReference
               BuildableIdentifier = "primary"
               BlueprintIdentifier = "CE45268A1DBE9CA5001EEC1A"
               BuildableName = "iOS Programming 24 Oct - App Activity.app"
               BlueprintName = "iOS Programming 24 Oct - App Activity"
               ReferencedContainer = "container:iOS Programming 24 Oct - App Activity.xcodeproj">
            </BuildableReference>
         </BuildActionEntry>
      </BuildActionEntries>
   </BuildAction>
   <TestAction
      buildConfiguration = "Debug"
      selectedDebuggerIdentifier = "Xcode.DebuggerFoundation.Debugger.LLDB"
      selectedLauncherIdentifier = "Xcode.DebuggerFoundation.Launcher.LLDB"
      shouldUseLaunchSchemeArgsEnv = "YES">
      <Testables>
         <TestableReference
            skipped = "NO">
            <BuildableReference
               BuildableIdentifier = "primary"
               BlueprintIdentifier = "CE4526A31DBE9CA6001EEC1A"
               BuildableName = "iOS Programming 24 Oct - App ActivityTests.xctest"
               BlueprintName = "iOS Programming 24 Oct - App ActivityTests"
               ReferencedContainer = "container:iOS Programming 24 Oct - App Activity.xcodeproj">
            </BuildableReference>
         </TestableReference>
         <TestableReference
            skipped = "NO">
            <BuildableReference
               BuildableIdentifier = "primary"
               BlueprintIdentifier = "CE4526AE1DBE9CA6001EEC1A"
               BuildableName = "iOS Programming 24 Oct - App ActivityUITests.xctest"
               BlueprintName = "iOS Programming 24 Oct - App ActivityUITests"
               ReferencedContainer = "container:iOS Programming 24 Oct - App Activity.xcodeproj">
            </BuildableReference>
         </TestableReference>
      </Testables>
      <MacroExpansion>
         <BuildableReference
            BuildableIdentifier = "primary"
            BlueprintIdentifier = "CE45268A1DBE9CA5001EEC1A"
            BuildableName = "iOS Programming 24 Oct - App Activity.app"
            BlueprintName = "iOS Programming 24 Oct - App Activity"
            ReferencedContainer = "container:iOS Programming 24 Oct - App Activity.xcodeproj">
         </BuildableReference>
      </MacroExpansion>
      <AdditionalOptions>
      </AdditionalOptions>
   </TestAction>
   <LaunchAction
      buildConfiguration = "Debug"
      selectedDebuggerIdentifier = "Xcode.DebuggerFoundation.Debugger.LLDB"
      selectedLauncherIdentifier = "Xcode.DebuggerFoundation.Launcher.LLDB"
      launchStyle = "0"
      useCustomWorkingDirectory = "NO"
      ignoresPersistentStateOnLaunch = "NO"
      debugDocumentVersioning = "YES"
      debugServiceExtension = "internal"
      allowLocationSimulation = "YES">
      <BuildableProductRunnable
         runnableDebuggingMode = "0">
         <BuildableReference
            BuildableIdentifier = "primary"
            BlueprintIdentifier = "CE45268A1DBE9CA5001EEC1A"
            BuildableName = "iOS Programming 24 Oct - App Activity.app"
            BlueprintName = "iOS Programming 24 Oct - App Activity"
            ReferencedContainer = "container:iOS Programming 24 Oct - App Activity.xcodeproj">
         </BuildableReference>
      </BuildableProductRunnable>
      <AdditionalOptions>
      </AdditionalOptions>
   </LaunchAction>
   <ProfileAction
      buildConfiguration = "Release"
      shouldUseLaunchSchemeArgsEnv = "YES"
      savedToolIdentifier = ""
      useCustomWorkingDirectory = "NO"
      debugDocumentVersioning = "YES">
      <BuildableProductRunnable
         runnableDebuggingMode = "0">
         <BuildableReference
            BuildableIdentifier = "primary"
            BlueprintIdentifier = "CE45268A1DBE9CA5001EEC1A"
            BuildableName = "iOS Programming 24 Oct - App Activity.app"
            BlueprintName = "iOS Programming 24 Oct - App Activity"
            ReferencedContainer = "container:iOS Programming 24 Oct - App Activity.xcodeproj">
         </BuildableReference>
      </BuildableProductRunnable>
   </ProfileAction>
   <AnalyzeAction
      buildConfiguration = "Debug">
   </AnalyzeAction>
   <ArchiveAction
      buildConfiguration = "Release"
      revealArchiveInOrganizer = "YES">
   </ArchiveAction>
</Scheme>
